PODS:
  - FlutterMacOS (1.0.0)
  - metadata_god (0.0.1):
    - FlutterMacOS

DEPENDENCIES:
  - FlutterMacOS (from `Flutter/ephemeral`)
  - metadata_god (from `Flutter/ephemeral/.symlinks/plugins/metadata_god/macos`)

EXTERNAL SOURCES:
  FlutterMacOS:
    :path: Flutter/ephemeral
  metadata_god:
    :path: Flutter/ephemeral/.symlinks/plugins/metadata_god/macos

SPEC CHECKSUMS:
  FlutterMacOS: d0db08ddef1a9af05a5ec4b724367152bb0500b1
  metadata_god: 8029e6ff4b1400ae4f13c38d2c478e8633f0e58b

PODFILE CHECKSUM: d16f5e5d196d1ca9863d7a71d5885cad7ffa7d2d

COCOAPODS: 1.16.2
